
Microsoft Visual Studio Solution File, Format Version 12.00
# Visual Studio Version 17
VisualStudioVersion = 17.0.31903.59
MinimumVisualStudioVersion = 10.0.40219.1
Project("{FAE04EC0-301F-11D3-BF4B-00C04F79EFBC}") = "ClinicManagement-API", "ClinicManagement-API\ClinicManagement-API.csproj", "{3EAD6911-3229-45C8-A41C-21CD84964C0B}"
EndProject
Project("{2150E333-8FDC-42A3-9474-1A3956D46DE8}") = "Solution Items", "Solution Items", "{5590BD1E-2CB2-4458-906A-F0694D158DFC}"
	ProjectSection(SolutionItems) = preProject
		compose.yaml = compose.yaml
	EndProjectSection
EndProject
Global
	GlobalSection(SolutionConfigurationPlatforms) = preSolution
		Debug|Any CPU = Debug|Any CPU
		Debug|x64 = Debug|x64
		Debug|x86 = Debug|x86
		Release|Any CPU = Release|Any CPU
		Release|x64 = Release|x64
		Release|x86 = Release|x86
	EndGlobalSection
	GlobalSection(ProjectConfigurationPlatforms) = postSolution
		{3EAD6911-3229-45C8-A41C-21CD84964C0B}.Debug|Any CPU.ActiveCfg = Debug|Any CPU
		{3EAD6911-3229-45C8-A41C-21CD84964C0B}.Debug|Any CPU.Build.0 = Debug|Any CPU
		{3EAD6911-3229-45C8-A41C-21CD84964C0B}.Debug|x64.ActiveCfg = Debug|Any CPU
		{3EAD6911-3229-45C8-A41C-21CD84964C0B}.Debug|x64.Build.0 = Debug|Any CPU
		{3EAD6911-3229-45C8-A41C-21CD84964C0B}.Debug|x86.ActiveCfg = Debug|Any CPU
		{3EAD6911-3229-45C8-A41C-21CD84964C0B}.Debug|x86.Build.0 = Debug|Any CPU
		{3EAD6911-3229-45C8-A41C-21CD84964C0B}.Release|Any CPU.ActiveCfg = Release|Any CPU
		{3EAD6911-3229-45C8-A41C-21CD84964C0B}.Release|Any CPU.Build.0 = Release|Any CPU
		{3EAD6911-3229-45C8-A41C-21CD84964C0B}.Release|x64.ActiveCfg = Release|Any CPU
		{3EAD6911-3229-45C8-A41C-21CD84964C0B}.Release|x64.Build.0 = Release|Any CPU
		{3EAD6911-3229-45C8-A41C-21CD84964C0B}.Release|x86.ActiveCfg = Release|Any CPU
		{3EAD6911-3229-45C8-A41C-21CD84964C0B}.Release|x86.Build.0 = Release|Any CPU
	EndGlobalSection
	GlobalSection(SolutionProperties) = preSolution
		HideSolutionNode = FALSE
	EndGlobalSection
EndGlobal
